
Microsoft Visual Studio Solution File, Format Version 12.00
# Visual Studio 2012
Project("{FAE04EC0-301F-11D3-BF4B-00C04F79EFBC}") = "Phoneword_iOS", "Phoneword_iOS\Phoneword_iOS.csproj", "{5D02A409-9E9C-431F-BE2F-F35863EA4E59}"
EndProject
Global
	GlobalSection(SolutionConfigurationPlatforms) = preSolution
		Debug|iPhoneSimulator = Debug|iPhoneSimulator
		Release|iPhone = Release|iPhone
		Release|iPhoneSimulator = Release|iPhoneSimulator
		Debug|iPhone = Debug|iPhone
	EndGlobalSection
	GlobalSection(ProjectConfigurationPlatforms) = postSolution
		{5D02A409-9E9C-431F-BE2F-F35863EA4E59}.Debug|iPhone.ActiveCfg = Debug|iPhone
		{5D02A409-9E9C-431F-BE2F-F35863EA4E59}.Debug|iPhone.Build.0 = Debug|iPhone
		{5D02A409-9E9C-431F-BE2F-F35863EA4E59}.Debug|iPhoneSimulator.ActiveCfg = Debug|iPhoneSimulator
		{5D02A409-9E9C-431F-BE2F-F35863EA4E59}.Debug|iPhoneSimulator.Build.0 = Debug|iPhoneSimulator
		{5D02A409-9E9C-431F-BE2F-F35863EA4E59}.Release|iPhone.ActiveCfg = Release|iPhone
		{5D02A409-9E9C-431F-BE2F-F35863EA4E59}.Release|iPhone.Build.0 = Release|iPhone
		{5D02A409-9E9C-431F-BE2F-F35863EA4E59}.Release|iPhoneSimulator.ActiveCfg = Release|iPhoneSimulator
		{5D02A409-9E9C-431F-BE2F-F35863EA4E59}.Release|iPhoneSimulator.Build.0 = Release|iPhoneSimulator
	EndGlobalSection
EndGlobal
